
Microsoft Visual Studio Solution File, Format Version 12.00
# Visual Studio Version 16
VisualStudioVersion = 16.0.32002.261
MinimumVisualStudioVersion = 10.0.40219.1
Project("{FAE04EC0-301F-11D3-BF4B-00C04F79EFBC}") = "TravelAgency", "TravelAgency\TravelAgency.csproj", "{828D3BC0-7344-4D12-A1CB-79041D5932EB}"
EndProject
Project("{00D1A9C2-B5F0-4AF3-8072-F6C62B433612}") = "TravelAgencyDB", "TravelAgencyDB\TravelAgencyDB.sqlproj", "{8168347C-AC50-4DDD-982E-15A2AEC3F93B}"
EndProject
Project("{FAE04EC0-301F-11D3-BF4B-00C04F79EFBC}") = "TravelAgency.Core", "TravelAgency.Core\TravelAgency.Core.csproj", "{FCDA4F1B-934C-4313-8726-8F0072A4CCBE}"
EndProject
Project("{FAE04EC0-301F-11D3-BF4B-00C04F79EFBC}") = "TravelAgency.Infrastructure", "TravelAgency.Infrastructure\TravelAgency.Infrastructure.csproj", "{FE7D80CC-C400-433B-9C42-00E4D9C0DD92}"
EndProject
Global
	GlobalSection(SolutionConfigurationPlatforms) = preSolution
		Debug|Any CPU = Debug|Any CPU
		Release|Any CPU = Release|Any CPU
	EndGlobalSection
	GlobalSection(ProjectConfigurationPlatforms) = postSolution
		{828D3BC0-7344-4D12-A1CB-79041D5932EB}.Debug|Any CPU.ActiveCfg = Debug|Any CPU
		{828D3BC0-7344-4D12-A1CB-79041D5932EB}.Debug|Any CPU.Build.0 = Debug|Any CPU
		{828D3BC0-7344-4D12-A1CB-79041D5932EB}.Release|Any CPU.ActiveCfg = Release|Any CPU
		{828D3BC0-7344-4D12-A1CB-79041D5932EB}.Release|Any CPU.Build.0 = Release|Any CPU
		{8168347C-AC50-4DDD-982E-15A2AEC3F93B}.Debug|Any CPU.ActiveCfg = Debug|Any CPU
		{8168347C-AC50-4DDD-982E-15A2AEC3F93B}.Debug|Any CPU.Build.0 = Debug|Any CPU
		{8168347C-AC50-4DDD-982E-15A2AEC3F93B}.Debug|Any CPU.Deploy.0 = Debug|Any CPU
		{8168347C-AC50-4DDD-982E-15A2AEC3F93B}.Release|Any CPU.ActiveCfg = Release|Any CPU
		{8168347C-AC50-4DDD-982E-15A2AEC3F93B}.Release|Any CPU.Build.0 = Release|Any CPU
		{8168347C-AC50-4DDD-982E-15A2AEC3F93B}.Release|Any CPU.Deploy.0 = Release|Any CPU
		{FCDA4F1B-934C-4313-8726-8F0072A4CCBE}.Debug|Any CPU.ActiveCfg = Debug|Any CPU
		{FCDA4F1B-934C-4313-8726-8F0072A4CCBE}.Debug|Any CPU.Build.0 = Debug|Any CPU
		{FCDA4F1B-934C-4313-8726-8F0072A4CCBE}.Release|Any CPU.ActiveCfg = Release|Any CPU
		{FCDA4F1B-934C-4313-8726-8F0072A4CCBE}.Release|Any CPU.Build.0 = Release|Any CPU
		{FE7D80CC-C400-433B-9C42-00E4D9C0DD92}.Debug|Any CPU.ActiveCfg = Debug|Any CPU
		{FE7D80CC-C400-433B-9C42-00E4D9C0DD92}.Debug|Any CPU.Build.0 = Debug|Any CPU
		{FE7D80CC-C400-433B-9C42-00E4D9C0DD92}.Release|Any CPU.ActiveCfg = Release|Any CPU
		{FE7D80CC-C400-433B-9C42-00E4D9C0DD92}.Release|Any CPU.Build.0 = Release|Any CPU
	EndGlobalSection
	GlobalSection(SolutionProperties) = preSolution
		HideSolutionNode = FALSE
	EndGlobalSection
	GlobalSection(ExtensibilityGlobals) = postSolution
		SolutionGuid = {A1AAE48F-5C05-4D50-B00C-9F967F70DA2D}
	EndGlobalSection
EndGlobal
